
Microsoft Visual Studio Solution File, Format Version 12.00
# Visual Studio Version 16
VisualStudioVersion = 16.0.30309.148
MinimumVisualStudioVersion = 10.0.40219.1
Project("{FAE04EC0-301F-11D3-BF4B-00C04F79EFBC}") = "MSA-API", "MSA-API\MSA-API.csproj", "{72ACA7FF-D519-4E06-90A3-FB100A34E27E}"
EndProject
Global
	GlobalSection(SolutionConfigurationPlatforms) = preSolution
		Debug|Any CPU = Debug|Any CPU
		Release|Any CPU = Release|Any CPU
	EndGlobalSection
	GlobalSection(ProjectConfigurationPlatforms) = postSolution
		{72ACA7FF-D519-4E06-90A3-FB100A34E27E}.Debug|Any CPU.ActiveCfg = Debug|Any CPU
		{72ACA7FF-D519-4E06-90A3-FB100A34E27E}.Debug|Any CPU.Build.0 = Debug|Any CPU
		{72ACA7FF-D519-4E06-90A3-FB100A34E27E}.Release|Any CPU.ActiveCfg = Release|Any CPU
		{72ACA7FF-D519-4E06-90A3-FB100A34E27E}.Release|Any CPU.Build.0 = Release|Any CPU
	EndGlobalSection
	GlobalSection(SolutionProperties) = preSolution
		HideSolutionNode = FALSE
	EndGlobalSection
	GlobalSection(ExtensibilityGlobals) = postSolution
		SolutionGuid = {D35A9325-C655-452F-8F79-14639C478243}
	EndGlobalSection
EndGlobal
